
Microsoft Visual Studio Solution File, Format Version 12.00
# Visual Studio Version 16
VisualStudioVersion = 16.0.29519.87
MinimumVisualStudioVersion = 10.0.40219.1
Project("{FAE04EC0-301F-11D3-BF4B-00C04F79EFBC}") = "MovieTicketRedo", "SMBTicketConsole\MovieTicketRedo.csproj", "{69F4A76C-C063-4916-81EE-099924855673}"
EndProject
Project("{2150E333-8FDC-42A3-9474-1A3956D46DE8}") = "Solution Items", "Solution Items", "{F6706A7D-9A0D-4AC0-9BC7-41C089B5A1CD}"
	ProjectSection(SolutionItems) = preProject
		..\..\NETDBProgramming\MovieListing\data\links.csv = ..\..\NETDBProgramming\MovieListing\data\links.csv
		..\..\NETDBProgramming\MovieListing\data\movies.csv = ..\..\NETDBProgramming\MovieListing\data\movies.csv
		..\..\NETDBProgramming\MovieListing\data\ratings.csv = ..\..\NETDBProgramming\MovieListing\data\ratings.csv
		..\..\NETDBProgramming\MovieListing\data\README.txt = ..\..\NETDBProgramming\MovieListing\data\README.txt
		..\..\NETDBProgramming\MovieListing\data\tags.csv = ..\..\NETDBProgramming\MovieListing\data\tags.csv
	EndProjectSection
EndProject
Global
	GlobalSection(SolutionConfigurationPlatforms) = preSolution
		Debug|Any CPU = Debug|Any CPU
		Release|Any CPU = Release|Any CPU
	EndGlobalSection
	GlobalSection(ProjectConfigurationPlatforms) = postSolution
		{69F4A76C-C063-4916-81EE-099924855673}.Debug|Any CPU.ActiveCfg = Debug|Any CPU
		{69F4A76C-C063-4916-81EE-099924855673}.Debug|Any CPU.Build.0 = Debug|Any CPU
		{69F4A76C-C063-4916-81EE-099924855673}.Release|Any CPU.ActiveCfg = Release|Any CPU
		{69F4A76C-C063-4916-81EE-099924855673}.Release|Any CPU.Build.0 = Release|Any CPU
	EndGlobalSection
	GlobalSection(SolutionProperties) = preSolution
		HideSolutionNode = FALSE
	EndGlobalSection
	GlobalSection(ExtensibilityGlobals) = postSolution
		SolutionGuid = {51852405-3118-4335-B77E-CFE0977E06F2}
	EndGlobalSection
EndGlobal
